<?xml version="1.0" encoding="utf-8"?>
<Project ToolsVersion="4.0" xmlns="http://schemas.microsoft.com/developer/msbuild/2003">
  <ItemGroup>
    <Filter Include="Source Files">
      <UniqueIdentifier>{4FC737F1-C7A5-4376-A066-2A32D752A2FF}</UniqueIdentifier>
      <Extensions>cpp;c;cc;cxx;def;odl;idl;hpj;bat;asm;asmx</Extensions>
    </Filter>
    <Filter Include="Resource Files">
      <UniqueIdentifier>{67DA6AB6-F800-4c08-8B7A-83BB121AAD01}</UniqueIdentifier>
      <Extensions>rc;ico;cur;bmp;dlg;rc2;rct;bin;rgs;gif;jpg;jpeg;jpe;resx;tiff;tif;png;wav;mfcribbon-ms</Extensions>
    </Filter>
    <Filter Include="Header Files">
      <UniqueIdentifier>{93995380-89BD-4b04-88EB-625FBE52EBFB}</UniqueIdentifier>
      <Extensions>h;hpp;hxx;hm;inl;inc;xsd</Extensions>
    </Filter>
  </ItemGroup>
  <ItemGroup>
    <ClCompile Include="getDevice.cpp">
      <Filter>Source Files</Filter>
    </ClCompile>
    <ClCompile Include="datas.cpp">
      <Filter>Source Files</Filter>
    </ClCompile>
    <ClCompile Include="get_info.cpp">
      <Filter>Source Files</Filter>
    </ClCompile>
    <ClCompile Include="arp_scanning.cpp">
      <Filter>Source Files</Filter>
    </ClCompile>
    <ClCompile Include="oui.cpp">
      <Filter>Source Files</Filter>
    </ClCompile>
    <ClCompile Include="spoof_list.cpp">
      <Filter>Source Files</Filter>
    </ClCompile>
    <ClCompile Include="engin.cpp">
      <Filter>Source Files</Filter>
    </ClCompile>
    <ClCompile Include="openDevice.cpp">
      <Filter>Source Files</Filter>
    </ClCompile>
    <ClCompile Include="op_list.cpp">
      <Filter>Source Files</Filter>
    </ClCompile>
    <ClCompile Include="log.cpp">
      <Filter>Source Files</Filter>
    </ClCompile>
    <ClCompile Include="defence.cpp">
      <Filter>Source Files</Filter>
    </ClCompile>
    <ClCompile Include="GUI_Right.cpp">
      <Filter>Source Files</Filter>
    </ClCompile>
    <ClCompile Include="GUI_Main.cpp">
      <Filter>Source Files</Filter>
    </ClCompile>
    <ClCompile Include="detect_engin.cpp">
      <Filter>Source Files</Filter>
    </ClCompile>
  </ItemGroup>
  <ItemGroup>
    <ClInclude Include="header\datas.h">
      <Filter>Header Files</Filter>
    </ClInclude>
    <ClInclude Include="header\get_info.h">
      <Filter>Header Files</Filter>
    </ClInclude>
    <ClInclude Include="header\policy.h">
      <Filter>Header Files</Filter>
    </ClInclude>
    <ClInclude Include="header\pkt_header.h">
      <Filter>Header Files</Filter>
    </ClInclude>
    <ClInclude Include="header\arp_LinkedList.h">
      <Filter>Header Files</Filter>
    </ClInclude>
    <ClInclude Include="header\oui.h">
      <Filter>Header Files</Filter>
    </ClInclude>
    <ClInclude Include="header\spoof_list.h">
      <Filter>Header Files</Filter>
    </ClInclude>
    <ClInclude Include="resource.h">
      <Filter>Header Files</Filter>
    </ClInclude>
    <ClInclude Include="header\op_list.h">
      <Filter>Header Files</Filter>
    </ClInclude>
    <ClInclude Include="header\log.h">
      <Filter>Header Files</Filter>
    </ClInclude>
  </ItemGroup>
  <ItemGroup>
    <ResourceCompile Include="ziARP.rc">
      <Filter>Resource Files</Filter>
    </ResourceCompile>
  </ItemGroup>
  <ItemGroup>
    <None Include="image\bitmap1.bmp">
      <Filter>Resource Files</Filter>
    </None>
    <None Include="image\bit_ligh.bmp">
      <Filter>Resource Files</Filter>
    </None>
    <None Include="image\bmp00001.bmp">
      <Filter>Resource Files</Filter>
    </None>
    <None Include="image\bmp00002.bmp">
      <Filter>Resource Files</Filter>
    </None>
    <None Include="image\bmp00003.bmp">
      <Filter>Resource Files</Filter>
    </None>
    <None Include="image\ghost_logo_4.bmp">
      <Filter>Resource Files</Filter>
    </None>
    <None Include="image\ico00001.ico">
      <Filter>Resource Files</Filter>
    </None>
    <None Include="image\Image_1.bmp">
      <Filter>Resource Files</Filter>
    </None>
  </ItemGroup>
</Project>